
Microsoft Visual Studio Solution File, Format Version 11.00
# Visual Studio 2010
Project("{FAE04EC0-301F-11D3-BF4B-00C04F79EFBC}") = "ServiceWebApp", "ServiceWebApp\ServiceWebApp.csproj", "{DD141D6B-6440-44D5-AC2F-C4F1EAA1B7DA}"
EndProject
Project("{FAE04EC0-301F-11D3-BF4B-00C04F79EFBC}") = "TestClient", "TestClient\TestClient.csproj", "{6890F0CD-27D5-4E33-9D3C-AEBBC8E7AC45}"
	ProjectSection(ProjectDependencies) = postProject
		{DD141D6B-6440-44D5-AC2F-C4F1EAA1B7DA} = {DD141D6B-6440-44D5-AC2F-C4F1EAA1B7DA}
	EndProjectSection
EndProject
Project("{2150E333-8FDC-42A3-9474-1A3956D46DE8}") = "Solution Items", "Solution Items", "{0D7B3D0B-9DBE-4503-B70F-7176CD6C50F8}"
	ProjectSection(SolutionItems) = preProject
		ReadMe.txt = ReadMe.txt
	EndProjectSection
EndProject
Global
	GlobalSection(SolutionConfigurationPlatforms) = preSolution
		Debug|Any CPU = Debug|Any CPU
		Debug|Mixed Platforms = Debug|Mixed Platforms
		Debug|x86 = Debug|x86
		Release|Any CPU = Release|Any CPU
		Release|Mixed Platforms = Release|Mixed Platforms
		Release|x86 = Release|x86
	EndGlobalSection
	GlobalSection(ProjectConfigurationPlatforms) = postSolution
		{DD141D6B-6440-44D5-AC2F-C4F1EAA1B7DA}.Debug|Any CPU.ActiveCfg = Debug|Any CPU
		{DD141D6B-6440-44D5-AC2F-C4F1EAA1B7DA}.Debug|Any CPU.Build.0 = Debug|Any CPU
		{DD141D6B-6440-44D5-AC2F-C4F1EAA1B7DA}.Debug|Mixed Platforms.ActiveCfg = Debug|Any CPU
		{DD141D6B-6440-44D5-AC2F-C4F1EAA1B7DA}.Debug|Mixed Platforms.Build.0 = Debug|Any CPU
		{DD141D6B-6440-44D5-AC2F-C4F1EAA1B7DA}.Debug|x86.ActiveCfg = Debug|Any CPU
		{DD141D6B-6440-44D5-AC2F-C4F1EAA1B7DA}.Release|Any CPU.ActiveCfg = Release|Any CPU
		{DD141D6B-6440-44D5-AC2F-C4F1EAA1B7DA}.Release|Any CPU.Build.0 = Release|Any CPU
		{DD141D6B-6440-44D5-AC2F-C4F1EAA1B7DA}.Release|Mixed Platforms.ActiveCfg = Release|Any CPU
		{DD141D6B-6440-44D5-AC2F-C4F1EAA1B7DA}.Release|Mixed Platforms.Build.0 = Release|Any CPU
		{DD141D6B-6440-44D5-AC2F-C4F1EAA1B7DA}.Release|x86.ActiveCfg = Release|Any CPU
		{6890F0CD-27D5-4E33-9D3C-AEBBC8E7AC45}.Debug|Any CPU.ActiveCfg = Debug|x86
		{6890F0CD-27D5-4E33-9D3C-AEBBC8E7AC45}.Debug|Mixed Platforms.ActiveCfg = Debug|x86
		{6890F0CD-27D5-4E33-9D3C-AEBBC8E7AC45}.Debug|Mixed Platforms.Build.0 = Debug|x86
		{6890F0CD-27D5-4E33-9D3C-AEBBC8E7AC45}.Debug|x86.ActiveCfg = Debug|x86
		{6890F0CD-27D5-4E33-9D3C-AEBBC8E7AC45}.Debug|x86.Build.0 = Debug|x86
		{6890F0CD-27D5-4E33-9D3C-AEBBC8E7AC45}.Release|Any CPU.ActiveCfg = Release|x86
		{6890F0CD-27D5-4E33-9D3C-AEBBC8E7AC45}.Release|Mixed Platforms.ActiveCfg = Release|x86
		{6890F0CD-27D5-4E33-9D3C-AEBBC8E7AC45}.Release|Mixed Platforms.Build.0 = Release|x86
		{6890F0CD-27D5-4E33-9D3C-AEBBC8E7AC45}.Release|x86.ActiveCfg = Release|x86
		{6890F0CD-27D5-4E33-9D3C-AEBBC8E7AC45}.Release|x86.Build.0 = Release|x86
	EndGlobalSection
	GlobalSection(SolutionProperties) = preSolution
		HideSolutionNode = FALSE
	EndGlobalSection
EndGlobal
