
Microsoft Visual Studio Solution File, Format Version 11.00
# Visual Studio 2010
Project("{FAE04EC0-301F-11D3-BF4B-00C04F79EFBC}") = "WCFRESTService", "WCFRESTService\WCFRESTService.csproj", "{312E4308-1D6B-4C7D-A166-5124889C4F22}"
EndProject
Project("{2150E333-8FDC-42A3-9474-1A3956D46DE8}") = "Solution Items", "Solution Items", "{F092F1BD-CB62-49AA-B3F9-4D77DBE27DA8}"
	ProjectSection(SolutionItems) = preProject
		ReadMe.txt = ReadMe.txt
	EndProjectSection
EndProject
Global
	GlobalSection(SolutionConfigurationPlatforms) = preSolution
		Debug|Any CPU = Debug|Any CPU
		Release|Any CPU = Release|Any CPU
	EndGlobalSection
	GlobalSection(ProjectConfigurationPlatforms) = postSolution
		{312E4308-1D6B-4C7D-A166-5124889C4F22}.Debug|Any CPU.ActiveCfg = Debug|Any CPU
		{312E4308-1D6B-4C7D-A166-5124889C4F22}.Debug|Any CPU.Build.0 = Debug|Any CPU
		{312E4308-1D6B-4C7D-A166-5124889C4F22}.Release|Any CPU.ActiveCfg = Release|Any CPU
		{312E4308-1D6B-4C7D-A166-5124889C4F22}.Release|Any CPU.Build.0 = Release|Any CPU
	EndGlobalSection
	GlobalSection(SolutionProperties) = preSolution
		HideSolutionNode = FALSE
	EndGlobalSection
EndGlobal
